
Microsoft Visual Studio Solution File, Format Version 12.00
# Visual Studio Version 16
VisualStudioVersion = 16.0.32228.343
MinimumVisualStudioVersion = 10.0.40219.1
Project("{FAE04EC0-301F-11D3-BF4B-00C04F79EFBC}") = "ParteCSharp", "ParteCSharp\ParteCSharp.csproj", "{18BCF6E0-30C4-4770-BE24-880E0ECD9777}"
EndProject
Project("{FAE04EC0-301F-11D3-BF4B-00C04F79EFBC}") = "ParteCSharpTests", "ParteCSharpTests\ParteCSharpTests.csproj", "{CAA7D824-E9D7-4083-8CBD-58DAD1DD7EFD}"
EndProject
Global
	GlobalSection(SolutionConfigurationPlatforms) = preSolution
		Debug|Any CPU = Debug|Any CPU
		Release|Any CPU = Release|Any CPU
	EndGlobalSection
	GlobalSection(ProjectConfigurationPlatforms) = postSolution
		{18BCF6E0-30C4-4770-BE24-880E0ECD9777}.Debug|Any CPU.ActiveCfg = Debug|Any CPU
		{18BCF6E0-30C4-4770-BE24-880E0ECD9777}.Debug|Any CPU.Build.0 = Debug|Any CPU
		{18BCF6E0-30C4-4770-BE24-880E0ECD9777}.Release|Any CPU.ActiveCfg = Release|Any CPU
		{18BCF6E0-30C4-4770-BE24-880E0ECD9777}.Release|Any CPU.Build.0 = Release|Any CPU
		{CAA7D824-E9D7-4083-8CBD-58DAD1DD7EFD}.Debug|Any CPU.ActiveCfg = Debug|Any CPU
		{CAA7D824-E9D7-4083-8CBD-58DAD1DD7EFD}.Debug|Any CPU.Build.0 = Debug|Any CPU
		{CAA7D824-E9D7-4083-8CBD-58DAD1DD7EFD}.Release|Any CPU.ActiveCfg = Release|Any CPU
		{CAA7D824-E9D7-4083-8CBD-58DAD1DD7EFD}.Release|Any CPU.Build.0 = Release|Any CPU
	EndGlobalSection
	GlobalSection(SolutionProperties) = preSolution
		HideSolutionNode = FALSE
	EndGlobalSection
	GlobalSection(ExtensibilityGlobals) = postSolution
		SolutionGuid = {432BF7F4-0FBF-4981-A3E7-8FA01DD96EFC}
	EndGlobalSection
EndGlobal
